
Microsoft Visual Studio Solution File, Format Version 12.00
# Visual Studio Version 17
VisualStudioVersion = 17.0.31903.59
MinimumVisualStudioVersion = 10.0.40219.1
Project("{FAE04EC0-301F-11D3-BF4B-00C04F79EFBC}") = "StreamExtended", "StreamExtended\StreamExtended.csproj", "{514DDE7D-F6D6-4135-A472-CBB7A2942A1A}"
EndProject
Project("{FAE04EC0-301F-11D3-BF4B-00C04F79EFBC}") = "StreamExtended.Tests", "..\tests\StreamExtended.Tests\StreamExtended.Tests.csproj", "{89DE17CF-71AE-4A85-85D5-24D2044262C6}"
EndProject
Global
	GlobalSection(SolutionConfigurationPlatforms) = preSolution
		Debug|Any CPU = Debug|Any CPU
		Debug|x64 = Debug|x64
		Debug|x86 = Debug|x86
		Release|Any CPU = Release|Any CPU
		Release|x64 = Release|x64
		Release|x86 = Release|x86
	EndGlobalSection
	GlobalSection(ProjectConfigurationPlatforms) = postSolution
		{514DDE7D-F6D6-4135-A472-CBB7A2942A1A}.Debug|Any CPU.ActiveCfg = Debug|Any CPU
		{514DDE7D-F6D6-4135-A472-CBB7A2942A1A}.Debug|Any CPU.Build.0 = Debug|Any CPU
		{514DDE7D-F6D6-4135-A472-CBB7A2942A1A}.Debug|x64.ActiveCfg = Debug|Any CPU
		{514DDE7D-F6D6-4135-A472-CBB7A2942A1A}.Debug|x64.Build.0 = Debug|Any CPU
		{514DDE7D-F6D6-4135-A472-CBB7A2942A1A}.Debug|x86.ActiveCfg = Debug|Any CPU
		{514DDE7D-F6D6-4135-A472-CBB7A2942A1A}.Debug|x86.Build.0 = Debug|Any CPU
		{514DDE7D-F6D6-4135-A472-CBB7A2942A1A}.Release|Any CPU.ActiveCfg = Release|Any CPU
		{514DDE7D-F6D6-4135-A472-CBB7A2942A1A}.Release|Any CPU.Build.0 = Release|Any CPU
		{514DDE7D-F6D6-4135-A472-CBB7A2942A1A}.Release|x64.ActiveCfg = Release|Any CPU
		{514DDE7D-F6D6-4135-A472-CBB7A2942A1A}.Release|x64.Build.0 = Release|Any CPU
		{514DDE7D-F6D6-4135-A472-CBB7A2942A1A}.Release|x86.ActiveCfg = Release|Any CPU
		{514DDE7D-F6D6-4135-A472-CBB7A2942A1A}.Release|x86.Build.0 = Release|Any CPU
		{89DE17CF-71AE-4A85-85D5-24D2044262C6}.Debug|Any CPU.ActiveCfg = Debug|Any CPU
		{89DE17CF-71AE-4A85-85D5-24D2044262C6}.Debug|Any CPU.Build.0 = Debug|Any CPU
		{89DE17CF-71AE-4A85-85D5-24D2044262C6}.Debug|x64.ActiveCfg = Debug|Any CPU
		{89DE17CF-71AE-4A85-85D5-24D2044262C6}.Debug|x64.Build.0 = Debug|Any CPU
		{89DE17CF-71AE-4A85-85D5-24D2044262C6}.Debug|x86.ActiveCfg = Debug|Any CPU
		{89DE17CF-71AE-4A85-85D5-24D2044262C6}.Debug|x86.Build.0 = Debug|Any CPU
		{89DE17CF-71AE-4A85-85D5-24D2044262C6}.Release|Any CPU.ActiveCfg = Release|Any CPU
		{89DE17CF-71AE-4A85-85D5-24D2044262C6}.Release|Any CPU.Build.0 = Release|Any CPU
		{89DE17CF-71AE-4A85-85D5-24D2044262C6}.Release|x64.ActiveCfg = Release|Any CPU
		{89DE17CF-71AE-4A85-85D5-24D2044262C6}.Release|x64.Build.0 = Release|Any CPU
		{89DE17CF-71AE-4A85-85D5-24D2044262C6}.Release|x86.ActiveCfg = Release|Any CPU
		{89DE17CF-71AE-4A85-85D5-24D2044262C6}.Release|x86.Build.0 = Release|Any CPU
	EndGlobalSection
	GlobalSection(SolutionProperties) = preSolution
		HideSolutionNode = FALSE
	EndGlobalSection
EndGlobal
